{
  "name": "crescofy-integration",
  "lockfileVersion": 2,
  "requires": true,
  "packages": {
    "": {
      "dependencies": {
        "@vueform/multiselect": "^2.3.1",
        "vue-search-select": "^2.9.5"
      }
    },
    "node_modules/@vueform/multiselect": {
      "version": "2.3.1",
      "resolved": "https://registry.npmjs.org/@vueform/multiselect/-/multiselect-2.3.1.tgz",
      "integrity": "sha512-JyOfVOanRZHDWzdgrbO05KvSu4WOH4aPPa2sajMxu4C4QjZp2NeezW6Bdt588IuFfVn34n0s0w8w/bxtuH4KRQ=="
    },
    "node_modules/vue-search-select": {
      "version": "2.9.5",
      "resolved": "https://registry.npmjs.org/vue-search-select/-/vue-search-select-2.9.5.tgz",
      "integrity": "sha512-pK5lSoeWjUqxYPcYbTgEmoaqb0f38pHd4KZBNBunWmnPw3S0O8s8eqWEVHG14G3zcvKGP9fkvBs7+Eikj7csYQ=="
    }
  },
  "dependencies": {
    "@vueform/multiselect": {
      "version": "2.3.1",
      "resolved": "https://registry.npmjs.org/@vueform/multiselect/-/multiselect-2.3.1.tgz",
      "integrity": "sha512-JyOfVOanRZHDWzdgrbO05KvSu4WOH4aPPa2sajMxu4C4QjZp2NeezW6Bdt588IuFfVn34n0s0w8w/bxtuH4KRQ=="
    },
    "vue-search-select": {
      "version": "2.9.5",
      "resolved": "https://registry.npmjs.org/vue-search-select/-/vue-search-select-2.9.5.tgz",
      "integrity": "sha512-pK5lSoeWjUqxYPcYbTgEmoaqb0f38pHd4KZBNBunWmnPw3S0O8s8eqWEVHG14G3zcvKGP9fkvBs7+Eikj7csYQ=="
    }
  }
}
